Microsoft Visual Studio Solution File, Format Version 12.00
# Visual Studio Version 17
VisualStudioVersion = 17.5.2.0
MinimumVisualStudioVersion = 10.0.40219.1
Project("{FAE04EC0-301F-11D3-BF4B-00C04F79EFBC}") = "GameTracker", "GameTracker.csproj", "{CDD2F205-6695-FAD6-2C46-47083071331B}"
EndProject
Global
	GlobalSection(SolutionConfigurationPlatforms) = preSolution
		Debug|Any CPU = Debug|Any CPU
		Release|Any CPU = Release|Any CPU
	EndGlobalSection
	GlobalSection(ProjectConfigurationPlatforms) = postSolution
		{CDD2F205-6695-FAD6-2C46-47083071331B}.Debug|Any CPU.ActiveCfg = Debug|Any CPU
		{CDD2F205-6695-FAD6-2C46-47083071331B}.Debug|Any CPU.Build.0 = Debug|Any CPU
		{CDD2F205-6695-FAD6-2C46-47083071331B}.Release|Any CPU.ActiveCfg = Release|Any CPU
		{CDD2F205-6695-FAD6-2C46-47083071331B}.Release|Any CPU.Build.0 = Release|Any CPU
	EndGlobalSection
	GlobalSection(SolutionProperties) = preSolution
		HideSolutionNode = FALSE
	EndGlobalSection
	GlobalSection(ExtensibilityGlobals) = postSolution
		SolutionGuid = {2B0D3C15-E1B0-4665-B01B-F1A9C0192D16}
	EndGlobalSection
EndGlobal
